PODS:
  - Flutter (1.0.0)
  - Stripe (23.7.1):
    - StripeApplePay (= 23.7.1)
    - StripeCore (= 23.7.1)
    - StripePayments (= 23.7.1)
    - StripePaymentsUI (= 23.7.1)
    - StripeUICore (= 23.7.1)
  - stripe_ios (0.0.1):
    - Flutter
    - Stripe (~> 23.7.0)
    - StripeApplePay (~> 23.7.0)
    - StripeFinancialConnections (~> 23.7.0)
    - StripePayments (~> 23.7.0)
    - StripePaymentSheet (~> 23.7.0)
    - StripePaymentsUI (~> 23.7.0)
  - StripeApplePay (23.7.1):
    - StripeCore (= 23.7.1)
  - StripeCore (23.7.1)
  - StripeFinancialConnections (23.7.1):
    - StripeCore (= 23.7.1)
    - StripeUICore (= 23.7.1)
  - StripePayments (23.7.1):
    - StripeCore (= 23.7.1)
    - StripePayments/Stripe3DS2 (= 23.7.1)
  - StripePayments/Stripe3DS2 (23.7.1):
    - StripeCore (= 23.7.1)
  - StripePaymentSheet (23.7.1):
    - StripeApplePay (= 23.7.1)
    - StripeCore (= 23.7.1)
    - StripePayments (= 23.7.1)
    - StripePaymentsUI (= 23.7.1)
  - StripePaymentsUI (23.7.1):
    - StripeCore (= 23.7.1)
    - StripePayments (= 23.7.1)
    - StripeUICore (= 23.7.1)
  - StripeUICore (23.7.1):
    - StripeCore (= 23.7.1)

DEPENDENCIES:
  - Flutter (from `Flutter`)
  - stripe_ios (from `.symlinks/plugins/stripe_ios/ios`)

SPEC REPOS:
  trunk:
    - Stripe
    - StripeApplePay
    - StripeCore
    - StripeFinancialConnections
    - StripePayments
    - StripePaymentSheet
    - StripePaymentsUI
    - StripeUICore

EXTERNAL SOURCES:
  Flutter:
    :path: Flutter
  stripe_ios:
    :path: ".symlinks/plugins/stripe_ios/ios"

SPEC CHECKSUMS:
  Flutter: f04841e97a9d0b0a8025694d0796dd46242b2854
  Stripe: fbe3d1d61cba70ac7a920c6097222ba9525352c4
  stripe_ios: 8e0be46c31e1758756e5fdc1613f751d4d945ae0
  StripeApplePay: 06e3899c9db102567804b77c41cec2861b5e2c39
  StripeCore: 9b331e5f9d4067ef7296718c680a73ad6f2d1066
  StripeFinancialConnections: 7d8116c4dcd3b034f13a181b4d96e6991b594cfc
  StripePayments: 46fbd561312cb300c93dd855b9c896285c8eb1fb
  StripePaymentSheet: 016fd1c6053efff1f348fc6f44babecacda9d0af
  StripePaymentsUI: cb06c01d3c9efde91ebce218f9e4e94e902dd676
  StripeUICore: a9db3f2a82c932d5ca58dd8fc4ac0a6b72f1ccee

PODFILE CHECKSUM: 1959d098c91d8a792531a723c4a9d7e9f6a01e38

COCOAPODS: 1.12.1
